<?xml version="1.0" encoding="utf-8"?>
<Project ToolsVersion="4.0" xmlns="http://schemas.microsoft.com/developer/msbuild/2003">
  <ItemGroup>
    <Filter Include="ソース ファイル">
      <UniqueIdentifier>{4FC737F1-C7A5-4376-A066-2A32D752A2FF}</UniqueIdentifier>
      <Extensions>cpp;c;cc;cxx;c++;cppm;ixx;def;odl;idl;hpj;bat;asm;asmx</Extensions>
    </Filter>
    <Filter Include="ヘッダー ファイル">
      <UniqueIdentifier>{93995380-89BD-4b04-88EB-625FBE52EBFB}</UniqueIdentifier>
      <Extensions>h;hh;hpp;hxx;h++;hm;inl;inc;ipp;xsd</Extensions>
    </Filter>
    <Filter Include="リソース ファイル">
      <UniqueIdentifier>{67DA6AB6-F800-4c08-8B7A-83BB121AAD01}</UniqueIdentifier>
      <Extensions>rc;ico;cur;bmp;dlg;rc2;rct;bin;rgs;gif;jpg;jpeg;jpe;resx;tiff;tif;png;wav;mfcribbon-ms</Extensions>
    </Filter>
    <Filter Include="外部ライブラリ">
      <UniqueIdentifier>{8A52BD9C-4AC8-4A45-9809-55F6A01A915E}</UniqueIdentifier>
    </Filter>
    <Filter Include="外部ライブラリ\WORLD">
      <UniqueIdentifier>{56E31595-8F5B-4B7A-84CF-8D0C7A6E6502}</UniqueIdentifier>
    </Filter>
    <Filter Include="スクリプト">
      <UniqueIdentifier>{CB0CDE6F-14E7-4B2D-9374-4AF5FD3F1A27}</UniqueIdentifier>
    </Filter>
  </ItemGroup>
  <ItemGroup>
    <ClCompile Include="WavVoiceShaper.cpp">
      <Filter>ソース ファイル</Filter>
    </ClCompile>
    <ClCompile Include="third_party\world\src\*.cpp">
      <Filter>外部ライブラリ\WORLD</Filter>
    </ClCompile>
  </ItemGroup>
  <ItemGroup>
    <None Include="WavVoiceShaper.ini" />
    <None Include="README.md" />
    <None Include="third_party\world\README_WavVoiceShaper.txt">
      <Filter>外部ライブラリ\WORLD</Filter>
    </None>
    <None Include="tools\Download_WORLD_for_WavVoiceShaper.ps1">
      <Filter>スクリプト</Filter>
    </None>
  </ItemGroup>
</Project>